// !$*UTF8*$!
{
	archiveVersion = 1;
	classes = {
	};
	objectVersion = 55;
	objects = {

/* Begin PBXBuildFile section */
		7640694D2879C5F600D38A1F /* Tests_iOS.swift in Sources */ = {isa = PBXBuildFile; fileRef = 7640694C2879C5F600D38A1F /* Tests_iOS.swift */; };
		7640694F2879C5F600D38A1F /* Tests_iOSLaunchTests.swift in Sources */ = {isa = PBXBuildFile; fileRef = 7640694E2879C5F600D38A1F /* Tests_iOSLaunchTests.swift */; };
		764069592879C5F600D38A1F /* Tests_macOS.swift in Sources */ = {isa = PBXBuildFile; fileRef = 764069582879C5F600D38A1F /* Tests_macOS.swift */; };
		7640695B2879C5F600D38A1F /* Tests_macOSLaunchTests.swift in Sources */ = {isa = PBXBuildFile; fileRef = 7640695A2879C5F600D38A1F /* Tests_macOSLaunchTests.swift */; };
		7640695C2879C5F600D38A1F /* InstrumentApp.swift in Sources */ = {isa = PBXBuildFile; fileRef = 764069342879C5F200D38A1F /* InstrumentApp.swift */; };
		7640695D2879C5F600D38A1F /* InstrumentApp.swift in Sources */ = {isa = PBXBuildFile; fileRef = 764069342879C5F200D38A1F /* InstrumentApp.swift */; };
		7640695E2879C5F600D38A1F /* ContentView.swift in Sources */ = {isa = PBXBuildFile; fileRef = 764069352879C5F200D38A1F /* ContentView.swift */; };
		7640695F2879C5F600D38A1F /* ContentView.swift in Sources */ = {isa = PBXBuildFile; fileRef = 764069352879C5F200D38A1F /* ContentView.swift */; };
		764069602879C5F600D38A1F /* Assets.xcassets in Resources */ = {isa = PBXBuildFile; fileRef = 764069362879C5F600D38A1F /* Assets.xcassets */; };
		764069612879C5F600D38A1F /* Assets.xcassets in Resources */ = {isa = PBXBuildFile; fileRef = 764069362879C5F600D38A1F /* Assets.xcassets */; };
		764069752879CC1500D38A1F /* SoundPlayer.swift in Sources */ = {isa = PBXBuildFile; fileRef = 764069742879CC1500D38A1F /* SoundPlayer.swift */; };
		764069762879CC1500D38A1F /* SoundPlayer.swift in Sources */ = {isa = PBXBuildFile; fileRef = 764069742879CC1500D38A1F /* SoundPlayer.swift */; };
		764069782879CF5D00D38A1F /* InstrumentButtonImageView.swift in Sources */ = {isa = PBXBuildFile; fileRef = 764069772879CF5D00D38A1F /* InstrumentButtonImageView.swift */; };
		764069792879CF5D00D38A1F /* InstrumentButtonImageView.swift in Sources */ = {isa = PBXBuildFile; fileRef = 764069772879CF5D00D38A1F /* InstrumentButtonImageView.swift */; };
/* End PBXBuildFile section */

/* Begin PBXContainerItemProxy section */
		764069492879C5F600D38A1F /* PBXContainerItemProxy */ = {
			isa = PBXContainerItemProxy;
			containerPortal = 7640692F2879C5F200D38A1F /* Project object */;
			proxyType = 1;
			remoteGlobalIDString = 7640693A2879C5F600D38A1F;
			remoteInfo = "Instrument (iOS)";
		};
		764069552879C5F600D38A1F /* PBXContainerItemProxy */ = {
			isa = PBXContainerItemProxy;
			containerPortal = 7640692F2879C5F200D38A1F /* Project object */;
			proxyType = 1;
			remoteGlobalIDString = 764069402879C5F600D38A1F;
			remoteInfo = "Instrument (macOS)";
		};
/* End PBXContainerItemProxy section */

/* Begin PBXFileReference section */
		764069342879C5F200D38A1F /* InstrumentApp.swift */ = {isa = PBXFileReference; lastKnownFileType = sourcecode.swift; path = InstrumentApp.swift; sourceTree = "<group>"; };
		764069352879C5F200D38A1F /* ContentView.swift */ = {isa = PBXFileReference; lastKnownFileType = sourcecode.swift; path = ContentView.swift; sourceTree = "<group>"; };
		764069362879C5F600D38A1F /* Assets.xcassets */ = {isa = PBXFileReference; lastKnownFileType = folder.assetcatalog; path = Assets.xcassets; sourceTree = "<group>"; };
		7640693B2879C5F600D38A1F /* Instrument.app */ = {isa = PBXFileReference; explicitFileType = wrapper.application; includeInIndex = 0; path = Instrument.app; sourceTree = BUILT_PRODUCTS_DIR; };
		764069412879C5F600D38A1F /* Instrument.app */ = {isa = PBXFileReference; explicitFileType = wrapper.application; includeInIndex = 0; path = Instrument.app; sourceTree = BUILT_PRODUCTS_DIR; };
		764069432879C5F600D38A1F /* macOS.entitlements */ = {isa = PBXFileReference; lastKnownFileType = text.plist.entitlements; path = macOS.entitlements; sourceTree = "<group>"; };
		764069482879C5F600D38A1F /* Tests iOS.xctest */ = {isa = PBXFileReference; explicitFileType = wrapper.cfbundle; includeInIndex = 0; path = "Tests iOS.xctest"; sourceTree = BUILT_PRODUCTS_DIR; };
		7640694C2879C5F600D38A1F /* Tests_iOS.swift */ = {isa = PBXFileReference; lastKnownFileType = sourcecode.swift; path = Tests_iOS.swift; sourceTree = "<group>"; };
		7640694E2879C5F600D38A1F /* Tests_iOSLaunchTests.swift */ = {isa = PBXFileReference; lastKnownFileType = sourcecode.swift; path = Tests_iOSLaunchTests.swift; sourceTree = "<group>"; };
		764069542879C5F600D38A1F /* Tests macOS.xctest */ = {isa = PBXFileReference; explicitFileType = wrapper.cfbundle; includeInIndex = 0; path = "Tests macOS.xctest"; sourceTree = BUILT_PRODUCTS_DIR; };
		764069582879C5F600D38A1F /* Tests_macOS.swift */ = {isa = PBXFileReference; lastKnownFileType = sourcecode.swift; path = Tests_macOS.swift; sourceTree = "<group>"; };
		7640695A2879C5F600D38A1F /* Tests_macOSLaunchTests.swift */ = {isa = PBXFileReference; lastKnownFileType = sourcecode.swift; path = Tests_macOSLaunchTests.swift; sourceTree = "<group>"; };
		764069742879CC1500D38A1F /* SoundPlayer.swift */ = {isa = PBXFileReference; lastKnownFileType = sourcecode.swift; path = SoundPlayer.swift; sourceTree = "<group>"; };
		764069772879CF5D00D38A1F /* InstrumentButtonImageView.swift */ = {isa = PBXFileReference; lastKnownFileType = sourcecode.swift; path = InstrumentButtonImageView.swift; sourceTree = "<group>"; };
/* End PBXFileReference section */

/* Begin PBXFrameworksBuildPhase section */
		764069382879C5F600D38A1F /* Frameworks */ = {
			isa = PBXFrameworksBuildPhase;
			buildActionMask = 2147483647;
			files = (
			);
			runOnlyForDeploymentPostprocessing = 0;
		};
		7640693E2879C5F600D38A1F /* Frameworks */ = {
			isa = PBXFrameworksBuildPhase;
			buildActionMask = 2147483647;
			files = (
			);
			runOnlyForDeploymentPostprocessing = 0;
		};
		764069452879C5F600D38A1F /* Frameworks */ = {
			isa = PBXFrameworksBuildPhase;
			buildActionMask = 2147483647;
			files = (
			);
			runOnlyForDeploymentPostprocessing = 0;
		};
		764069512879C5F600D38A1F /* Frameworks */ = {
			isa = PBXFrameworksBuildPhase;
			buildActionMask = 2147483647;
			files = (
			);
			runOnlyForDeploymentPostprocessing = 0;
		};
/* End PBXFrameworksBuildPhase section */

/* Begin PBXGroup section */
		7640692E2879C5F100D38A1F = {
			isa = PBXGroup;
			children = (
				764069332879C5F200D38A1F /* Shared */,
				764069422879C5F600D38A1F /* macOS */,
				7640694B2879C5F600D38A1F /* Tests iOS */,
				764069572879C5F600D38A1F /* Tests macOS */,
				7640693C2879C5F600D38A1F /* Products */,
			);
			sourceTree = "<group>";
		};
		764069332879C5F200D38A1F /* Shared */ = {
			isa = PBXGroup;
			children = (
				764069342879C5F200D38A1F /* InstrumentApp.swift */,
				764069772879CF5D00D38A1F /* InstrumentButtonImageView.swift */,
				764069352879C5F200D38A1F /* ContentView.swift */,
				764069362879C5F600D38A1F /* Assets.xcassets */,
				764069742879CC1500D38A1F /* SoundPlayer.swift */,
			);
			path = Shared;
			sourceTree = "<group>";
		};
		7640693C2879C5F600D38A1F /* Products */ = {
			isa = PBXGroup;
			children = (
				7640693B2879C5F600D38A1F /* Instrument.app */,
				764069412879C5F600D38A1F /* Instrument.app */,
				764069482879C5F600D38A1F /* Tests iOS.xctest */,
				764069542879C5F600D38A1F /* Tests macOS.xctest */,
			);
			name = Products;
			sourceTree = "<group>";
		};
		764069422879C5F600D38A1F /* macOS */ = {
			isa = PBXGroup;
			children = (
				764069432879C5F600D38A1F /* macOS.entitlements */,
			);
			path = macOS;
			sourceTree = "<group>";
		};
		7640694B2879C5F600D38A1F /* Tests iOS */ = {
			isa = PBXGroup;
			children = (
				7640694C2879C5F600D38A1F /* Tests_iOS.swift */,
				7640694E2879C5F600D38A1F /* Tests_iOSLaunchTests.swift */,
			);
			path = "Tests iOS";
			sourceTree = "<group>";
		};
		764069572879C5F600D38A1F /* Tests macOS */ = {
			isa = PBXGroup;
			children = (
				764069582879C5F600D38A1F /* Tests_macOS.swift */,
				7640695A2879C5F600D38A1F /* Tests_macOSLaunchTests.swift */,
			);
			path = "Tests macOS";
			sourceTree = "<group>";
		};
/* End PBXGroup section */

/* Begin PBXNativeTarget section */
		7640693A2879C5F600D38A1F /* Instrument (iOS) */ = {
			isa = PBXNativeTarget;
			buildConfigurationList = 764069642879C5F600D38A1F /* Build configuration list for PBXNativeTarget "Instrument (iOS)" */;
			buildPhases = (
				764069372879C5F600D38A1F /* Sources */,
				764069382879C5F600D38A1F /* Frameworks */,
				764069392879C5F600D38A1F /* Resources */,
			);
			buildRules = (
			);
			dependencies = (
			);
			name = "Instrument (iOS)";
			productName = "Instrument (iOS)";
			productReference = 7640693B2879C5F600D38A1F /* Instrument.app */;
			productType = "com.apple.product-type.application";
		};
		764069402879C5F600D38A1F /* Instrument (macOS) */ = {
			isa = PBXNativeTarget;
			buildConfigurationList = 764069672879C5F600D38A1F /* Build configuration list for PBXNativeTarget "Instrument (macOS)" */;
			buildPhases = (
				7640693D2879C5F600D38A1F /* Sources */,
				7640693E2879C5F600D38A1F /* Frameworks */,
				7640693F2879C5F600D38A1F /* Resources */,
			);
			buildRules = (
			);
			dependencies = (
			);
			name = "Instrument (macOS)";
			productName = "Instrument (macOS)";
			productReference = 764069412879C5F600D38A1F /* Instrument.app */;
			productType = "com.apple.product-type.application";
		};
		764069472879C5F600D38A1F /* Tests iOS */ = {
			isa = PBXNativeTarget;
			buildConfigurationList = 7640696A2879C5F600D38A1F /* Build configuration list for PBXNativeTarget "Tests iOS" */;
			buildPhases = (
				764069442879C5F600D38A1F /* Sources */,
				764069452879C5F600D38A1F /* Frameworks */,
				764069462879C5F600D38A1F /* Resources */,
			);
			buildRules = (
			);
			dependencies = (
				7640694A2879C5F600D38A1F /* PBXTargetDependency */,
			);
			name = "Tests iOS";
			productName = "Tests iOS";
			productReference = 764069482879C5F600D38A1F /* Tests iOS.xctest */;
			productType = "com.apple.product-type.bundle.ui-testing";
		};
		764069532879C5F600D38A1F /* Tests macOS */ = {
			isa = PBXNativeTarget;
			buildConfigurationList = 7640696D2879C5F600D38A1F /* Build configuration list for PBXNativeTarget "Tests macOS" */;
			buildPhases = (
				764069502879C5F600D38A1F /* Sources */,
				764069512879C5F600D38A1F /* Frameworks */,
				764069522879C5F600D38A1F /* Resources */,
			);
			buildRules = (
			);
			dependencies = (
				764069562879C5F600D38A1F /* PBXTargetDependency */,
			);
			name = "Tests macOS";
			productName = "Tests macOS";
			productReference = 764069542879C5F600D38A1F /* Tests macOS.xctest */;
			productType = "com.apple.product-type.bundle.ui-testing";
		};
/* End PBXNativeTarget section */

/* Begin PBXProject section */
		7640692F2879C5F200D38A1F /* Project object */ = {
			isa = PBXProject;
			attributes = {
				BuildIndependentTargetsInParallel = 1;
				LastSwiftUpdateCheck = 1340;
				LastUpgradeCheck = 1340;
				TargetAttributes = {
					7640693A2879C5F600D38A1F = {
						CreatedOnToolsVersion = 13.4.1;
					};
					764069402879C5F600D38A1F = {
						CreatedOnToolsVersion = 13.4.1;
					};
					764069472879C5F600D38A1F = {
						CreatedOnToolsVersion = 13.4.1;
						TestTargetID = 7640693A2879C5F600D38A1F;
					};
					764069532879C5F600D38A1F = {
						CreatedOnToolsVersion = 13.4.1;
						TestTargetID = 764069402879C5F600D38A1F;
					};
				};
			};
			buildConfigurationList = 764069322879C5F200D38A1F /* Build configuration list for PBXProject "Instrument" */;
			compatibilityVersion = "Xcode 13.0";
			developmentRegion = en;
			hasScannedForEncodings = 0;
			knownRegions = (
				en,
				Base,
			);
			mainGroup = 7640692E2879C5F100D38A1F;
			productRefGroup = 7640693C2879C5F600D38A1F /* Products */;
			projectDirPath = "";
			projectRoot = "";
			targets = (
				7640693A2879C5F600D38A1F /* Instrument (iOS) */,
				764069402879C5F600D38A1F /* Instrument (macOS) */,
				764069472879C5F600D38A1F /* Tests iOS */,
				764069532879C5F600D38A1F /* Tests macOS */,
			);
		};
/* End PBXProject section */

/* Begin PBXResourcesBuildPhase section */
		764069392879C5F600D38A1F /* Resources */ = {
			isa = PBXResourcesBuildPhase;
			buildActionMask = 2147483647;
			files = (
				764069602879C5F600D38A1F /* Assets.xcassets in Resources */,
			);
			runOnlyForDeploymentPostprocessing = 0;
		};
		7640693F2879C5F600D38A1F /* Resources */ = {
			isa = PBXResourcesBuildPhase;
			buildActionMask = 2147483647;
			files = (
				764069612879C5F600D38A1F /* Assets.xcassets in Resources */,
			);
			runOnlyForDeploymentPostprocessing = 0;
		};
		764069462879C5F600D38A1F /* Resources */ = {
			isa = PBXResourcesBuildPhase;
			buildActionMask = 2147483647;
			files = (
			);
			runOnlyForDeploymentPostprocessing = 0;
		};
		764069522879C5F600D38A1F /* Resources */ = {
			isa = PBXResourcesBuildPhase;
			buildActionMask = 2147483647;
			files = (
			);
			runOnlyForDeploymentPostprocessing = 0;
		};
/* End PBXResourcesBuildPhase section */

/* Begin PBXSourcesBuildPhase section */
		764069372879C5F600D38A1F /* Sources */ = {
			isa = PBXSourcesBuildPhase;
			buildActionMask = 2147483647;
			files = (
				7640695E2879C5F600D38A1F /* ContentView.swift in Sources */,
				764069782879CF5D00D38A1F /* InstrumentButtonImageView.swift in Sources */,
				764069752879CC1500D38A1F /* SoundPlayer.swift in Sources */,
				7640695C2879C5F600D38A1F /* InstrumentApp.swift in Sources */,
			);
			runOnlyForDeploymentPostprocessing = 0;
		};
		7640693D2879C5F600D38A1F /* Sources */ = {
			isa = PBXSourcesBuildPhase;
			buildActionMask = 2147483647;
			files = (
				7640695F2879C5F600D38A1F /* ContentView.swift in Sources */,
				764069792879CF5D00D38A1F /* InstrumentButtonImageView.swift in Sources */,
				764069762879CC1500D38A1F /* SoundPlayer.swift in Sources */,
				7640695D2879C5F600D38A1F /* InstrumentApp.swift in Sources */,
			);
			runOnlyForDeploymentPostprocessing = 0;
		};
		764069442879C5F600D38A1F /* Sources */ = {
			isa = PBXSourcesBuildPhase;
			buildActionMask = 2147483647;
			files = (
				7640694F2879C5F600D38A1F /* Tests_iOSLaunchTests.swift in Sources */,
				7640694D2879C5F600D38A1F /* Tests_iOS.swift in Sources */,
			);
			runOnlyForDeploymentPostprocessing = 0;
		};
		764069502879C5F600D38A1F /* Sources */ = {
			isa = PBXSourcesBuildPhase;
			buildActionMask = 2147483647;
			files = (
				7640695B2879C5F600D38A1F /* Tests_macOSLaunchTests.swift in Sources */,
				764069592879C5F600D38A1F /* Tests_macOS.swift in Sources */,
			);
			runOnlyForDeploymentPostprocessing = 0;
		};
/* End PBXSourcesBuildPhase section */

/* Begin PBXTargetDependency section */
		7640694A2879C5F600D38A1F /* PBXTargetDependency */ = {
			isa = PBXTargetDependency;
			target = 7640693A2879C5F600D38A1F /* Instrument (iOS) */;
			targetProxy = 764069492879C5F600D38A1F /* PBXContainerItemProxy */;
		};
		764069562879C5F600D38A1F /* PBXTargetDependency */ = {
			isa = PBXTargetDependency;
			target = 764069402879C5F600D38A1F /* Instrument (macOS) */;
			targetProxy = 764069552879C5F600D38A1F /* PBXContainerItemProxy */;
		};
/* End PBXTargetDependency section */

/* Begin XCBuildConfiguration section */
		764069622879C5F600D38A1F /* Debug */ = {
			isa = XCBuildConfiguration;
			buildSettings = {
				ALWAYS_SEARCH_USER_PATHS = NO;
				CLANG_ANALYZER_NONNULL = YES;
				CLANG_ANALYZER_NUMBER_OBJECT_CONVERSION = YES_AGGRESSIVE;
				CLANG_CXX_LANGUAGE_STANDARD = "gnu++17";
				CLANG_ENABLE_MODULES = YES;
				CLANG_ENABLE_OBJC_ARC = YES;
				CLANG_ENABLE_OBJC_WEAK = YES;
				CLANG_WARN_BLOCK_CAPTURE_AUTORELEASING = YES;
				CLANG_WARN_BOOL_CONVERSION = YES;
				CLANG_WARN_COMMA = YES;
				CLANG_WARN_CONSTANT_CONVERSION = YES;
				CLANG_WARN_DEPRECATED_OBJC_IMPLEMENTATIONS = YES;
				CLANG_WARN_DIRECT_OBJC_ISA_USAGE = YES_ERROR;
				CLANG_WARN_DOCUMENTATION_COMMENTS = YES;
				CLANG_WARN_EMPTY_BODY = YES;
				CLANG_WARN_ENUM_CONVERSION = YES;
				CLANG_WARN_INFINITE_RECURSION = YES;
				CLANG_WARN_INT_CONVERSION = YES;
				CLANG_WARN_NON_LITERAL_NULL_CONVERSION = YES;
				CLANG_WARN_OBJC_IMPLICIT_RETAIN_SELF = YES;
				CLANG_WARN_OBJC_LITERAL_CONVERSION = YES;
				CLANG_WARN_OBJC_ROOT_CLASS = YES_ERROR;
				CLANG_WARN_QUOTED_INCLUDE_IN_FRAMEWORK_HEADER = YES;
				CLANG_WARN_RANGE_LOOP_ANALYSIS = YES;
				CLANG_WARN_STRICT_PROTOTYPES = YES;
				CLANG_WARN_SUSPICIOUS_MOVE = YES;
				CLANG_WARN_UNGUARDED_AVAILABILITY = YES_AGGRESSIVE;
				CLANG_WARN_UNREACHABLE_CODE = YES;
				CLANG_WARN__DUPLICATE_METHOD_MATCH = YES;
				COPY_PHASE_STRIP = NO;
				DEBUG_INFORMATION_FORMAT = dwarf;
				ENABLE_STRICT_OBJC_MSGSEND = YES;
				ENABLE_TESTABILITY = YES;
				GCC_C_LANGUAGE_STANDARD = gnu11;
				GCC_DYNAMIC_NO_PIC = NO;
				GCC_NO_COMMON_BLOCKS = YES;
				GCC_OPTIMIZATION_LEVEL = 0;
				GCC_PREPROCESSOR_DEFINITIONS = (
					"DEBUG=1",
					"$(inherited)",
				);
				GCC_WARN_64_TO_32_BIT_CONVERSION = YES;
				GCC_WARN_ABOUT_RETURN_TYPE = YES_ERROR;
				GCC_WARN_UNDECLARED_SELECTOR = YES;
				GCC_WARN_UNINITIALIZED_AUTOS = YES_AGGRESSIVE;
				GCC_WARN_UNUSED_FUNCTION = YES;
				GCC_WARN_UNUSED_VARIABLE = YES;
				MTL_ENABLE_DEBUG_INFO = INCLUDE_SOURCE;
				MTL_FAST_MATH = YES;
				ONLY_ACTIVE_ARCH = YES;
				SWIFT_ACTIVE_COMPILATION_CONDITIONS = DEBUG;
				SWIFT_OPTIMIZATION_LEVEL = "-Onone";
			};
			name = Debug;
		};
		764069632879C5F600D38A1F /* Release */ = {
			isa = XCBuildConfiguration;
			buildSettings = {
				ALWAYS_SEARCH_USER_PATHS = NO;
				CLANG_ANALYZER_NONNULL = YES;
				CLANG_ANALYZER_NUMBER_OBJECT_CONVERSION = YES_AGGRESSIVE;
				CLANG_CXX_LANGUAGE_STANDARD = "gnu++17";
				CLANG_ENABLE_MODULES = YES;
				CLANG_ENABLE_OBJC_ARC = YES;
				CLANG_ENABLE_OBJC_WEAK = YES;
				CLANG_WARN_BLOCK_CAPTURE_AUTORELEASING = YES;
				CLANG_WARN_BOOL_CONVERSION = YES;
				CLANG_WARN_COMMA = YES;
				CLANG_WARN_CONSTANT_CONVERSION = YES;
				CLANG_WARN_DEPRECATED_OBJC_IMPLEMENTATIONS = YES;
				CLANG_WARN_DIRECT_OBJC_ISA_USAGE = YES_ERROR;
				CLANG_WARN_DOCUMENTATION_COMMENTS = YES;
				CLANG_WARN_EMPTY_BODY = YES;
				CLANG_WARN_ENUM_CONVERSION = YES;
				CLANG_WARN_INFINITE_RECURSION = YES;
				CLANG_WARN_INT_CONVERSION = YES;
				CLANG_WARN_NON_LITERAL_NULL_CONVERSION = YES;
				CLANG_WARN_OBJC_IMPLICIT_RETAIN_SELF = YES;
				CLANG_WARN_OBJC_LITERAL_CONVERSION = YES;
				CLANG_WARN_OBJC_ROOT_CLASS = YES_ERROR;
				CLANG_WARN_QUOTED_INCLUDE_IN_FRAMEWORK_HEADER = YES;
				CLANG_WARN_RANGE_LOOP_ANALYSIS = YES;
				CLANG_WARN_STRICT_PROTOTYPES = YES;
				CLANG_WARN_SUSPICIOUS_MOVE = YES;
				CLANG_WARN_UNGUARDED_AVAILABILITY = YES_AGGRESSIVE;
				CLANG_WARN_UNREACHABLE_CODE = YES;
				CLANG_WARN__DUPLICATE_METHOD_MATCH = YES;
				COPY_PHASE_STRIP = NO;
				DEBUG_INFORMATION_FORMAT = "dwarf-with-dsym";
				ENABLE_NS_ASSERTIONS = NO;
				ENABLE_STRICT_OBJC_MSGSEND = YES;
				GCC_C_LANGUAGE_STANDARD = gnu11;
				GCC_NO_COMMON_BLOCKS = YES;
				GCC_WARN_64_TO_32_BIT_CONVERSION = YES;
				GCC_WARN_ABOUT_RETURN_TYPE = YES_ERROR;
				GCC_WARN_UNDECLARED_SELECTOR = YES;
				GCC_WARN_UNINITIALIZED_AUTOS = YES_AGGRESSIVE;
				GCC_WARN_UNUSED_FUNCTION = YES;
				GCC_WARN_UNUSED_VARIABLE = YES;
				MTL_ENABLE_DEBUG_INFO = NO;
				MTL_FAST_MATH = YES;
				SWIFT_COMPILATION_MODE = wholemodule;
				SWIFT_OPTIMIZATION_LEVEL = "-O";
			};
			name = Release;
		};
		764069652879C5F600D38A1F /* Debug */ = {
			isa = XCBuildConfiguration;
			buildSettings = {
				ASSETCATALOG_COMPILER_APPICON_NAME = AppIcon;
				ASSETCATALOG_COMPILER_GLOBAL_ACCENT_COLOR_NAME = AccentColor;
				CODE_SIGN_STYLE = Automatic;
				CURRENT_PROJECT_VERSION = 1;
				ENABLE_PREVIEWS = YES;
				GENERATE_INFOPLIST_FILE = YES;
				INFOPLIST_KEY_UIApplicationSceneManifest_Generation = YES;
				INFOPLIST_KEY_UIApplicationSupportsIndirectInputEvents = YES;
				INFOPLIST_KEY_UILaunchScreen_Generation = YES;
				INFOPLIST_KEY_UISupportedInterfaceOrientations_iPad = "UIInterfaceOrientationPortrait UIInterfaceOrientationPortraitUpsideDown UIInterfaceOrientationLandscapeLeft UIInterfaceOrientationLandscapeRight";
				INFOPLIST_KEY_UISupportedInterfaceOrientations_iPhone = "UIInterfaceOrientationPortrait UIInterfaceOrientationLandscapeLeft UIInterfaceOrientationLandscapeRight";
				IPHONEOS_DEPLOYMENT_TARGET = 15.5;
				LD_RUNPATH_SEARCH_PATHS = (
					"$(inherited)",
					"@executable_path/Frameworks",
				);
				MARKETING_VERSION = 1.0;
				PRODUCT_BUNDLE_IDENTIFIER = work.yukineko.Instrument;
				PRODUCT_NAME = Instrument;
				SDKROOT = iphoneos;
				SWIFT_EMIT_LOC_STRINGS = YES;
				SWIFT_VERSION = 5.0;
				TARGETED_DEVICE_FAMILY = "1,2";
			};
			name = Debug;
		};
		764069662879C5F600D38A1F /* Release */ = {
			isa = XCBuildConfiguration;
			buildSettings = {
				ASSETCATALOG_COMPILER_APPICON_NAME = AppIcon;
				ASSETCATALOG_COMPILER_GLOBAL_ACCENT_COLOR_NAME = AccentColor;
				CODE_SIGN_STYLE = Automatic;
				CURRENT_PROJECT_VERSION = 1;
				ENABLE_PREVIEWS = YES;
				GENERATE_INFOPLIST_FILE = YES;
				INFOPLIST_KEY_UIApplicationSceneManifest_Generation = YES;
				INFOPLIST_KEY_UIApplicationSupportsIndirectInputEvents = YES;
				INFOPLIST_KEY_UILaunchScreen_Generation = YES;
				INFOPLIST_KEY_UISupportedInterfaceOrientations_iPad = "UIInterfaceOrientationPortrait UIInterfaceOrientationPortraitUpsideDown UIInterfaceOrientationLandscapeLeft UIInterfaceOrientationLandscapeRight";
				INFOPLIST_KEY_UISupportedInterfaceOrientations_iPhone = "UIInterfaceOrientationPortrait UIInterfaceOrientationLandscapeLeft UIInterfaceOrientationLandscapeRight";
				IPHONEOS_DEPLOYMENT_TARGET = 15.5;
				LD_RUNPATH_SEARCH_PATHS = (
					"$(inherited)",
					"@executable_path/Frameworks",
				);
				MARKETING_VERSION = 1.0;
				PRODUCT_BUNDLE_IDENTIFIER = work.yukineko.Instrument;
				PRODUCT_NAME = Instrument;
				SDKROOT = iphoneos;
				SWIFT_EMIT_LOC_STRINGS = YES;
				SWIFT_VERSION = 5.0;
				TARGETED_DEVICE_FAMILY = "1,2";
				VALIDATE_PRODUCT = YES;
			};
			name = Release;
		};
		764069682879C5F600D38A1F /* Debug */ = {
			isa = XCBuildConfiguration;
			buildSettings = {
				ASSETCATALOG_COMPILER_APPICON_NAME = AppIcon;
				ASSETCATALOG_COMPILER_GLOBAL_ACCENT_COLOR_NAME = AccentColor;
				CODE_SIGN_ENTITLEMENTS = macOS/macOS.entitlements;
				CODE_SIGN_STYLE = Automatic;
				COMBINE_HIDPI_IMAGES = YES;
				CURRENT_PROJECT_VERSION = 1;
				ENABLE_PREVIEWS = YES;
				GENERATE_INFOPLIST_FILE = YES;
				INFOPLIST_KEY_NSHumanReadableCopyright = "";
				LD_RUNPATH_SEARCH_PATHS = (
					"$(inherited)",
					"@executable_path/../Frameworks",
				);
				MACOSX_DEPLOYMENT_TARGET = 12.3;
				MARKETING_VERSION = 1.0;
				PRODUCT_BUNDLE_IDENTIFIER = work.yukineko.Instrument;
				PRODUCT_NAME = Instrument;
				SDKROOT = macosx;
				SWIFT_EMIT_LOC_STRINGS = YES;
				SWIFT_VERSION = 5.0;
			};
			name = Debug;
		};
		764069692879C5F600D38A1F /* Release */ = {
			isa = XCBuildConfiguration;
			buildSettings = {
				ASSETCATALOG_COMPILER_APPICON_NAME = AppIcon;
				ASSETCATALOG_COMPILER_GLOBAL_ACCENT_COLOR_NAME = AccentColor;
				CODE_SIGN_ENTITLEMENTS = macOS/macOS.entitlements;
				CODE_SIGN_STYLE = Automatic;
				COMBINE_HIDPI_IMAGES = YES;
				CURRENT_PROJECT_VERSION = 1;
				ENABLE_PREVIEWS = YES;
				GENERATE_INFOPLIST_FILE = YES;
				INFOPLIST_KEY_NSHumanReadableCopyright = "";
				LD_RUNPATH_SEARCH_PATHS = (
					"$(inherited)",
					"@executable_path/../Frameworks",
				);
				MACOSX_DEPLOYMENT_TARGET = 12.3;
				MARKETING_VERSION = 1.0;
				PRODUCT_BUNDLE_IDENTIFIER = work.yukineko.Instrument;
				PRODUCT_NAME = Instrument;
				SDKROOT = macosx;
				SWIFT_EMIT_LOC_STRINGS = YES;
				SWIFT_VERSION = 5.0;
			};
			name = Release;
		};
		7640696B2879C5F600D38A1F /* Debug */ = {
			isa = XCBuildConfiguration;
			buildSettings = {
				ALWAYS_EMBED_SWIFT_STANDARD_LIBRARIES = YES;
				CODE_SIGN_STYLE = Automatic;
				CURRENT_PROJECT_VERSION = 1;
				GENERATE_INFOPLIST_FILE = YES;
				IPHONEOS_DEPLOYMENT_TARGET = 15.5;
				MARKETING_VERSION = 1.0;
				PRODUCT_BUNDLE_IDENTIFIER = "work.yukineko.Tests-iOS";
				PRODUCT_NAME = "$(TARGET_NAME)";
				SDKROOT = iphoneos;
				SWIFT_EMIT_LOC_STRINGS = NO;
				SWIFT_VERSION = 5.0;
				TARGETED_DEVICE_FAMILY = "1,2";
				TEST_TARGET_NAME = "Instrument (iOS)";
			};
			name = Debug;
		};
		7640696C2879C5F600D38A1F /* Release */ = {
			isa = XCBuildConfiguration;
			buildSettings = {
				ALWAYS_EMBED_SWIFT_STANDARD_LIBRARIES = YES;
				CODE_SIGN_STYLE = Automatic;
				CURRENT_PROJECT_VERSION = 1;
				GENERATE_INFOPLIST_FILE = YES;
				IPHONEOS_DEPLOYMENT_TARGET = 15.5;
				MARKETING_VERSION = 1.0;
				PRODUCT_BUNDLE_IDENTIFIER = "work.yukineko.Tests-iOS";
				PRODUCT_NAME = "$(TARGET_NAME)";
				SDKROOT = iphoneos;
				SWIFT_EMIT_LOC_STRINGS = NO;
				SWIFT_VERSION = 5.0;
				TARGETED_DEVICE_FAMILY = "1,2";
				TEST_TARGET_NAME = "Instrument (iOS)";
				VALIDATE_PRODUCT = YES;
			};
			name = Release;
		};
		7640696E2879C5F600D38A1F /* Debug */ = {
			isa = XCBuildConfiguration;
			buildSettings = {
				ALWAYS_EMBED_SWIFT_STANDARD_LIBRARIES = YES;
				CODE_SIGN_STYLE = Automatic;
				CURRENT_PROJECT_VERSION = 1;
				GENERATE_INFOPLIST_FILE = YES;
				MACOSX_DEPLOYMENT_TARGET = 12.3;
				MARKETING_VERSION = 1.0;
				PRODUCT_BUNDLE_IDENTIFIER = "work.yukineko.Tests-macOS";
				PRODUCT_NAME = "$(TARGET_NAME)";
				SDKROOT = macosx;
				SWIFT_EMIT_LOC_STRINGS = NO;
				SWIFT_VERSION = 5.0;
				TEST_TARGET_NAME = "Instrument (macOS)";
			};
			name = Debug;
		};
		7640696F2879C5F600D38A1F /* Release */ = {
			isa = XCBuildConfiguration;
			buildSettings = {
				ALWAYS_EMBED_SWIFT_STANDARD_LIBRARIES = YES;
				CODE_SIGN_STYLE = Automatic;
				CURRENT_PROJECT_VERSION = 1;
				GENERATE_INFOPLIST_FILE = YES;
				MACOSX_DEPLOYMENT_TARGET = 12.3;
				MARKETING_VERSION = 1.0;
				PRODUCT_BUNDLE_IDENTIFIER = "work.yukineko.Tests-macOS";
				PRODUCT_NAME = "$(TARGET_NAME)";
				SDKROOT = macosx;
				SWIFT_EMIT_LOC_STRINGS = NO;
				SWIFT_VERSION = 5.0;
				TEST_TARGET_NAME = "Instrument (macOS)";
			};
			name = Release;
		};
/* End XCBuildConfiguration section */

/* Begin XCConfigurationList section */
		764069322879C5F200D38A1F /* Build configuration list for PBXProject "Instrument" */ = {
			isa = XCConfigurationList;
			buildConfigurations = (
				764069622879C5F600D38A1F /* Debug */,
				764069632879C5F600D38A1F /* Release */,
			);
			defaultConfigurationIsVisible = 0;
			defaultConfigurationName = Release;
		};
		764069642879C5F600D38A1F /* Build configuration list for PBXNativeTarget "Instrument (iOS)" */ = {
			isa = XCConfigurationList;
			buildConfigurations = (
				764069652879C5F600D38A1F /* Debug */,
				764069662879C5F600D38A1F /* Release */,
			);
			defaultConfigurationIsVisible = 0;
			defaultConfigurationName = Release;
		};
		764069672879C5F600D38A1F /* Build configuration list for PBXNativeTarget "Instrument (macOS)" */ = {
			isa = XCConfigurationList;
			buildConfigurations = (
				764069682879C5F600D38A1F /* Debug */,
				764069692879C5F600D38A1F /* Release */,
			);
			defaultConfigurationIsVisible = 0;
			defaultConfigurationName = Release;
		};
		7640696A2879C5F600D38A1F /* Build configuration list for PBXNativeTarget "Tests iOS" */ = {
			isa = XCConfigurationList;
			buildConfigurations = (
				7640696B2879C5F600D38A1F /* Debug */,
				7640696C2879C5F600D38A1F /* Release */,
			);
			defaultConfigurationIsVisible = 0;
			defaultConfigurationName = Release;
		};
		7640696D2879C5F600D38A1F /* Build configuration list for PBXNativeTarget "Tests macOS" */ = {
			isa = XCConfigurationList;
			buildConfigurations = (
				7640696E2879C5F600D38A1F /* Debug */,
				7640696F2879C5F600D38A1F /* Release */,
			);
			defaultConfigurationIsVisible = 0;
			defaultConfigurationName = Release;
		};
/* End XCConfigurationList section */
	};
	rootObject = 7640692F2879C5F200D38A1F /* Project object */;
}
